
Microsoft Visual Studio Solution File, Format Version 12.00
# Visual Studio 15
VisualStudioVersion = 15.0.27703.2018
MinimumVisualStudioVersion = 10.0.40219.1
Project("{FAE04EC0-301F-11D3-BF4B-00C04F79EFBC}") = "TechChallengeIgor.Android", "TechChallengeIgor\TechChallengeIgor.Android\TechChallengeIgor.Android.csproj", "{1F67214C-C37E-4A80-A540-EC646BAF81CD}"
EndProject
Project("{FAE04EC0-301F-11D3-BF4B-00C04F79EFBC}") = "TechChallengeIgor.iOS", "TechChallengeIgor\TechChallengeIgor.iOS\TechChallengeIgor.iOS.csproj", "{F4178125-ACCE-4AE8-A7D3-5102C2DF53AB}"
EndProject
Project("{FAE04EC0-301F-11D3-BF4B-00C04F79EFBC}") = "TechChallengeIgor.UWP", "TechChallengeIgor\TechChallengeIgor.UWP\TechChallengeIgor.UWP.csproj", "{F188DBC1-B8D9-4974-BD0C-75C656FE834F}"
EndProject
Project("{9A19103F-16F7-4668-BE54-9A1E7A4F7556}") = "TechChallengeIgor", "TechChallengeIgor\TechChallengeIgor\TechChallengeIgor.csproj", "{BDFB20E1-CD05-4834-AB1B-0B3E8C2AD6E3}"
EndProject
Project("{9A19103F-16F7-4668-BE54-9A1E7A4F7556}") = "Models", "Models\Models.csproj", "{71AAD735-F842-405B-A959-EF67BDDFD770}"
EndProject
Project("{FAE04EC0-301F-11D3-BF4B-00C04F79EFBC}") = "TechChallengeIgor.Test", "TechChallengeIgor.Test\TechChallengeIgor.Test.csproj", "{56CA69F5-1A5F-46DA-99EA-8A2EC667CA3C}"
EndProject
Global
	GlobalSection(SolutionConfigurationPlatforms) = preSolution
		Ad-Hoc|Any CPU = Ad-Hoc|Any CPU
		Ad-Hoc|ARM = Ad-Hoc|ARM
		Ad-Hoc|iPhone = Ad-Hoc|iPhone
		Ad-Hoc|iPhoneSimulator = Ad-Hoc|iPhoneSimulator
		Ad-Hoc|x64 = Ad-Hoc|x64
		Ad-Hoc|x86 = Ad-Hoc|x86
		AppStore|Any CPU = AppStore|Any CPU
		AppStore|ARM = AppStore|ARM
		AppStore|iPhone = AppStore|iPhone
		AppStore|iPhoneSimulator = AppStore|iPhoneSimulator
		AppStore|x64 = AppStore|x64
		AppStore|x86 = AppStore|x86
		Debug|Any CPU = Debug|Any CPU
		Debug|ARM = Debug|ARM
		Debug|iPhone = Debug|iPhone
		Debug|iPhoneSimulator = Debug|iPhoneSimulator
		Debug|x64 = Debug|x64
		Debug|x86 = Debug|x86
		Release|Any CPU = Release|Any CPU
		Release|ARM = Release|ARM
		Release|iPhone = Release|iPhone
		Release|iPhoneSimulator = Release|iPhoneSimulator
		Release|x64 = Release|x64
		Release|x86 = Release|x86
	EndGlobalSection
	GlobalSection(ProjectConfigurationPlatforms) = postSolution
		{1F67214C-C37E-4A80-A540-EC646BAF81CD}.Ad-Hoc|Any CPU.ActiveCfg = Release|Any CPU
		{1F67214C-C37E-4A80-A540-EC646BAF81CD}.Ad-Hoc|Any CPU.Build.0 = Release|Any CPU
		{1F67214C-C37E-4A80-A540-EC646BAF81CD}.Ad-Hoc|Any CPU.Deploy.0 = Release|Any CPU
		{1F67214C-C37E-4A80-A540-EC646BAF81CD}.Ad-Hoc|ARM.ActiveCfg = Release|Any CPU
		{1F67214C-C37E-4A80-A540-EC646BAF81CD}.Ad-Hoc|ARM.Build.0 = Release|Any CPU
		{1F67214C-C37E-4A80-A540-EC646BAF81CD}.Ad-Hoc|ARM.Deploy.0 = Release|Any CPU
		{1F67214C-C37E-4A80-A540-EC646BAF81CD}.Ad-Hoc|iPhone.ActiveCfg = Release|Any CPU
		{1F67214C-C37E-4A80-A540-EC646BAF81CD}.Ad-Hoc|iPhone.Build.0 = Release|Any CPU
		{1F67214C-C37E-4A80-A540-EC646BAF81CD}.Ad-Hoc|iPhone.Deploy.0 = Release|Any CPU
		{1F67214C-C37E-4A80-A540-EC646BAF81CD}.Ad-Hoc|iPhoneSimulator.ActiveCfg = Release|Any CPU
		{1F67214C-C37E-4A80-A540-EC646BAF81CD}.Ad-Hoc|iPhoneSimulator.Build.0 = Release|Any CPU
		{1F67214C-C37E-4A80-A540-EC646BAF81CD}.Ad-Hoc|iPhoneSimulator.Deploy.0 = Release|Any CPU
		{1F67214C-C37E-4A80-A540-EC646BAF81CD}.Ad-Hoc|x64.ActiveCfg = Release|Any CPU
		{1F67214C-C37E-4A80-A540-EC646BAF81CD}.Ad-Hoc|x64.Build.0 = Release|Any CPU
		{1F67214C-C37E-4A80-A540-EC646BAF81CD}.Ad-Hoc|x64.Deploy.0 = Release|Any CPU
		{1F67214C-C37E-4A80-A540-EC646BAF81CD}.Ad-Hoc|x86.ActiveCfg = Release|Any CPU
		{1F67214C-C37E-4A80-A540-EC646BAF81CD}.Ad-Hoc|x86.Build.0 = Release|Any CPU
		{1F67214C-C37E-4A80-A540-EC646BAF81CD}.Ad-Hoc|x86.Deploy.0 = Release|Any CPU
		{1F67214C-C37E-4A80-A540-EC646BAF81CD}.AppStore|Any CPU.ActiveCfg = Release|Any CPU
		{1F67214C-C37E-4A80-A540-EC646BAF81CD}.AppStore|Any CPU.Build.0 = Release|Any CPU
		{1F67214C-C37E-4A80-A540-EC646BAF81CD}.AppStore|Any CPU.Deploy.0 = Release|Any CPU
		{1F67214C-C37E-4A80-A540-EC646BAF81CD}.AppStore|ARM.ActiveCfg = Release|Any CPU
		{1F67214C-C37E-4A80-A540-EC646BAF81CD}.AppStore|ARM.Build.0 = Release|Any CPU
		{1F67214C-C37E-4A80-A540-EC646BAF81CD}.AppStore|ARM.Deploy.0 = Release|Any CPU
		{1F67214C-C37E-4A80-A540-EC646BAF81CD}.AppStore|iPhone.ActiveCfg = Release|Any CPU
		{1F67214C-C37E-4A80-A540-EC646BAF81CD}.AppStore|iPhone.Build.0 = Release|Any CPU
		{1F67214C-C37E-4A80-A540-EC646BAF81CD}.AppStore|iPhone.Deploy.0 = Release|Any CPU
		{1F67214C-C37E-4A80-A540-EC646BAF81CD}.AppStore|iPhoneSimulator.ActiveCfg = Release|Any CPU
		{1F67214C-C37E-4A80-A540-EC646BAF81CD}.AppStore|iPhoneSimulator.Build.0 = Release|Any CPU
		{1F67214C-C37E-4A80-A540-EC646BAF81CD}.AppStore|iPhoneSimulator.Deploy.0 = Release|Any CPU
		{1F67214C-C37E-4A80-A540-EC646BAF81CD}.AppStore|x64.ActiveCfg = Release|Any CPU
		{1F67214C-C37E-4A80-A540-EC646BAF81CD}.AppStore|x64.Build.0 = Release|Any CPU
		{1F67214C-C37E-4A80-A540-EC646BAF81CD}.AppStore|x64.Deploy.0 = Release|Any CPU
		{1F67214C-C37E-4A80-A540-EC646BAF81CD}.AppStore|x86.ActiveCfg = Release|Any CPU
		{1F67214C-C37E-4A80-A540-EC646BAF81CD}.AppStore|x86.Build.0 = Release|Any CPU
		{1F67214C-C37E-4A80-A540-EC646BAF81CD}.AppStore|x86.Deploy.0 = Release|Any CPU
		{1F67214C-C37E-4A80-A540-EC646BAF81CD}.Debug|Any CPU.ActiveCfg = Debug|Any CPU
		{1F67214C-C37E-4A80-A540-EC646BAF81CD}.Debug|Any CPU.Build.0 = Debug|Any CPU
		{1F67214C-C37E-4A80-A540-EC646BAF81CD}.Debug|Any CPU.Deploy.0 = Debug|Any CPU
		{1F67214C-C37E-4A80-A540-EC646BAF81CD}.Debug|ARM.ActiveCfg = Debug|Any CPU
		{1F67214C-C37E-4A80-A540-EC646BAF81CD}.Debug|ARM.Build.0 = Debug|Any CPU
		{1F67214C-C37E-4A80-A540-EC646BAF81CD}.Debug|ARM.Deploy.0 = Debug|Any CPU
		{1F67214C-C37E-4A80-A540-EC646BAF81CD}.Debug|iPhone.ActiveCfg = Debug|Any CPU
		{1F67214C-C37E-4A80-A540-EC646BAF81CD}.Debug|iPhone.Build.0 = Debug|Any CPU
		{1F67214C-C37E-4A80-A540-EC646BAF81CD}.Debug|iPhone.Deploy.0 = Debug|Any CPU
		{1F67214C-C37E-4A80-A540-EC646BAF81CD}.Debug|iPhoneSimulator.ActiveCfg = Debug|Any CPU
		{1F67214C-C37E-4A80-A540-EC646BAF81CD}.Debug|iPhoneSimulator.Build.0 = Debug|Any CPU
		{1F67214C-C37E-4A80-A540-EC646BAF81CD}.Debug|iPhoneSimulator.Deploy.0 = Debug|Any CPU
		{1F67214C-C37E-4A80-A540-EC646BAF81CD}.Debug|x64.ActiveCfg = Debug|Any CPU
		{1F67214C-C37E-4A80-A540-EC646BAF81CD}.Debug|x64.Build.0 = Debug|Any CPU
		{1F67214C-C37E-4A80-A540-EC646BAF81CD}.Debug|x64.Deploy.0 = Debug|Any CPU
		{1F67214C-C37E-4A80-A540-EC646BAF81CD}.Debug|x86.ActiveCfg = Debug|Any CPU
		{1F67214C-C37E-4A80-A540-EC646BAF81CD}.Debug|x86.Build.0 = Debug|Any CPU
		{1F67214C-C37E-4A80-A540-EC646BAF81CD}.Debug|x86.Deploy.0 = Debug|Any CPU
		{1F67214C-C37E-4A80-A540-EC646BAF81CD}.Release|Any CPU.ActiveCfg = Release|Any CPU
		{1F67214C-C37E-4A80-A540-EC646BAF81CD}.Release|Any CPU.Build.0 = Release|Any CPU
		{1F67214C-C37E-4A80-A540-EC646BAF81CD}.Release|Any CPU.Deploy.0 = Release|Any CPU
		{1F67214C-C37E-4A80-A540-EC646BAF81CD}.Release|ARM.ActiveCfg = Release|Any CPU
		{1F67214C-C37E-4A80-A540-EC646BAF81CD}.Release|ARM.Build.0 = Release|Any CPU
		{1F67214C-C37E-4A80-A540-EC646BAF81CD}.Release|ARM.Deploy.0 = Release|Any CPU
		{1F67214C-C37E-4A80-A540-EC646BAF81CD}.Release|iPhone.ActiveCfg = Release|Any CPU
		{1F67214C-C37E-4A80-A540-EC646BAF81CD}.Release|iPhone.Build.0 = Release|Any CPU
		{1F67214C-C37E-4A80-A540-EC646BAF81CD}.Release|iPhone.Deploy.0 = Release|Any CPU
		{1F67214C-C37E-4A80-A540-EC646BAF81CD}.Release|iPhoneSimulator.ActiveCfg = Release|Any CPU
		{1F67214C-C37E-4A80-A540-EC646BAF81CD}.Release|iPhoneSimulator.Build.0 = Release|Any CPU
		{1F67214C-C37E-4A80-A540-EC646BAF81CD}.Release|iPhoneSimulator.Deploy.0 = Release|Any CPU
		{1F67214C-C37E-4A80-A540-EC646BAF81CD}.Release|x64.ActiveCfg = Release|Any CPU
		{1F67214C-C37E-4A80-A540-EC646BAF81CD}.Release|x64.Build.0 = Release|Any CPU
		{1F67214C-C37E-4A80-A540-EC646BAF81CD}.Release|x64.Deploy.0 = Release|Any CPU
		{1F67214C-C37E-4A80-A540-EC646BAF81CD}.Release|x86.ActiveCfg = Release|Any CPU
		{1F67214C-C37E-4A80-A540-EC646BAF81CD}.Release|x86.Build.0 = Release|Any CPU
		{1F67214C-C37E-4A80-A540-EC646BAF81CD}.Release|x86.Deploy.0 = Release|Any CPU
		{F4178125-ACCE-4AE8-A7D3-5102C2DF53AB}.Ad-Hoc|Any CPU.ActiveCfg = Ad-Hoc|iPhone
		{F4178125-ACCE-4AE8-A7D3-5102C2DF53AB}.Ad-Hoc|Any CPU.Build.0 = Ad-Hoc|iPhone
		{F4178125-ACCE-4AE8-A7D3-5102C2DF53AB}.Ad-Hoc|Any CPU.Deploy.0 = Ad-Hoc|iPhone
		{F4178125-ACCE-4AE8-A7D3-5102C2DF53AB}.Ad-Hoc|ARM.ActiveCfg = Ad-Hoc|iPhone
		{F4178125-ACCE-4AE8-A7D3-5102C2DF53AB}.Ad-Hoc|ARM.Build.0 = Ad-Hoc|iPhone
		{F4178125-ACCE-4AE8-A7D3-5102C2DF53AB}.Ad-Hoc|ARM.Deploy.0 = Ad-Hoc|iPhone
		{F4178125-ACCE-4AE8-A7D3-5102C2DF53AB}.Ad-Hoc|iPhone.ActiveCfg = Ad-Hoc|iPhone
		{F4178125-ACCE-4AE8-A7D3-5102C2DF53AB}.Ad-Hoc|iPhone.Build.0 = Ad-Hoc|iPhone
		{F4178125-ACCE-4AE8-A7D3-5102C2DF53AB}.Ad-Hoc|iPhone.Deploy.0 = Ad-Hoc|iPhone
		{F4178125-ACCE-4AE8-A7D3-5102C2DF53AB}.Ad-Hoc|iPhoneSimulator.ActiveCfg = Ad-Hoc|iPhoneSimulator
		{F4178125-ACCE-4AE8-A7D3-5102C2DF53AB}.Ad-Hoc|iPhoneSimulator.Build.0 = Ad-Hoc|iPhoneSimulator
		{F4178125-ACCE-4AE8-A7D3-5102C2DF53AB}.Ad-Hoc|iPhoneSimulator.Deploy.0 = Ad-Hoc|iPhoneSimulator
		{F4178125-ACCE-4AE8-A7D3-5102C2DF53AB}.Ad-Hoc|x64.ActiveCfg = Ad-Hoc|iPhone
		{F4178125-ACCE-4AE8-A7D3-5102C2DF53AB}.Ad-Hoc|x64.Build.0 = Ad-Hoc|iPhone
		{F4178125-ACCE-4AE8-A7D3-5102C2DF53AB}.Ad-Hoc|x64.Deploy.0 = Ad-Hoc|iPhone
		{F4178125-ACCE-4AE8-A7D3-5102C2DF53AB}.Ad-Hoc|x86.ActiveCfg = Ad-Hoc|iPhone
		{F4178125-ACCE-4AE8-A7D3-5102C2DF53AB}.Ad-Hoc|x86.Build.0 = Ad-Hoc|iPhone
		{F4178125-ACCE-4AE8-A7D3-5102C2DF53AB}.Ad-Hoc|x86.Deploy.0 = Ad-Hoc|iPhone
		{F4178125-ACCE-4AE8-A7D3-5102C2DF53AB}.AppStore|Any CPU.ActiveCfg = AppStore|iPhone
		{F4178125-ACCE-4AE8-A7D3-5102C2DF53AB}.AppStore|Any CPU.Build.0 = AppStore|iPhone
		{F4178125-ACCE-4AE8-A7D3-5102C2DF53AB}.AppStore|Any CPU.Deploy.0 = AppStore|iPhone
		{F4178125-ACCE-4AE8-A7D3-5102C2DF53AB}.AppStore|ARM.ActiveCfg = AppStore|iPhone
		{F4178125-ACCE-4AE8-A7D3-5102C2DF53AB}.AppStore|ARM.Build.0 = AppStore|iPhone
		{F4178125-ACCE-4AE8-A7D3-5102C2DF53AB}.AppStore|ARM.Deploy.0 = AppStore|iPhone
		{F4178125-ACCE-4AE8-A7D3-5102C2DF53AB}.AppStore|iPhone.ActiveCfg = AppStore|iPhone
		{F4178125-ACCE-4AE8-A7D3-5102C2DF53AB}.AppStore|iPhone.Build.0 = AppStore|iPhone
		{F4178125-ACCE-4AE8-A7D3-5102C2DF53AB}.AppStore|iPhone.Deploy.0 = AppStore|iPhone
		{F4178125-ACCE-4AE8-A7D3-5102C2DF53AB}.AppStore|iPhoneSimulator.ActiveCfg = AppStore|iPhoneSimulator
		{F4178125-ACCE-4AE8-A7D3-5102C2DF53AB}.AppStore|iPhoneSimulator.Build.0 = AppStore|iPhoneSimulator
		{F4178125-ACCE-4AE8-A7D3-5102C2DF53AB}.AppStore|iPhoneSimulator.Deploy.0 = AppStore|iPhoneSimulator
		{F4178125-ACCE-4AE8-A7D3-5102C2DF53AB}.AppStore|x64.ActiveCfg = AppStore|iPhone
		{F4178125-ACCE-4AE8-A7D3-5102C2DF53AB}.AppStore|x64.Build.0 = AppStore|iPhone
		{F4178125-ACCE-4AE8-A7D3-5102C2DF53AB}.AppStore|x64.Deploy.0 = AppStore|iPhone
		{F4178125-ACCE-4AE8-A7D3-5102C2DF53AB}.AppStore|x86.ActiveCfg = AppStore|iPhone
		{F4178125-ACCE-4AE8-A7D3-5102C2DF53AB}.AppStore|x86.Build.0 = AppStore|iPhone
		{F4178125-ACCE-4AE8-A7D3-5102C2DF53AB}.AppStore|x86.Deploy.0 = AppStore|iPhone
		{F4178125-ACCE-4AE8-A7D3-5102C2DF53AB}.Debug|Any CPU.ActiveCfg = Debug|iPhoneSimulator
		{F4178125-ACCE-4AE8-A7D3-5102C2DF53AB}.Debug|Any CPU.Build.0 = Debug|iPhoneSimulator
		{F4178125-ACCE-4AE8-A7D3-5102C2DF53AB}.Debug|Any CPU.Deploy.0 = Debug|iPhoneSimulator
		{F4178125-ACCE-4AE8-A7D3-5102C2DF53AB}.Debug|ARM.ActiveCfg = Debug|iPhone
		{F4178125-ACCE-4AE8-A7D3-5102C2DF53AB}.Debug|ARM.Build.0 = Debug|iPhone
		{F4178125-ACCE-4AE8-A7D3-5102C2DF53AB}.Debug|ARM.Deploy.0 = Debug|iPhone
		{F4178125-ACCE-4AE8-A7D3-5102C2DF53AB}.Debug|iPhone.ActiveCfg = Debug|iPhone
		{F4178125-ACCE-4AE8-A7D3-5102C2DF53AB}.Debug|iPhone.Build.0 = Debug|iPhone
		{F4178125-ACCE-4AE8-A7D3-5102C2DF53AB}.Debug|iPhone.Deploy.0 = Debug|iPhone
		{F4178125-ACCE-4AE8-A7D3-5102C2DF53AB}.Debug|iPhoneSimulator.ActiveCfg = Debug|iPhoneSimulator
		{F4178125-ACCE-4AE8-A7D3-5102C2DF53AB}.Debug|iPhoneSimulator.Build.0 = Debug|iPhoneSimulator
		{F4178125-ACCE-4AE8-A7D3-5102C2DF53AB}.Debug|iPhoneSimulator.Deploy.0 = Debug|iPhoneSimulator
		{F4178125-ACCE-4AE8-A7D3-5102C2DF53AB}.Debug|x64.ActiveCfg = Debug|iPhone
		{F4178125-ACCE-4AE8-A7D3-5102C2DF53AB}.Debug|x64.Build.0 = Debug|iPhone
		{F4178125-ACCE-4AE8-A7D3-5102C2DF53AB}.Debug|x64.Deploy.0 = Debug|iPhone
		{F4178125-ACCE-4AE8-A7D3-5102C2DF53AB}.Debug|x86.ActiveCfg = Debug|iPhone
		{F4178125-ACCE-4AE8-A7D3-5102C2DF53AB}.Debug|x86.Build.0 = Debug|iPhone
		{F4178125-ACCE-4AE8-A7D3-5102C2DF53AB}.Debug|x86.Deploy.0 = Debug|iPhone
		{F4178125-ACCE-4AE8-A7D3-5102C2DF53AB}.Release|Any CPU.ActiveCfg = Release|iPhone
		{F4178125-ACCE-4AE8-A7D3-5102C2DF53AB}.Release|Any CPU.Build.0 = Release|iPhone
		{F4178125-ACCE-4AE8-A7D3-5102C2DF53AB}.Release|Any CPU.Deploy.0 = Release|iPhone
		{F4178125-ACCE-4AE8-A7D3-5102C2DF53AB}.Release|ARM.ActiveCfg = Release|iPhone
		{F4178125-ACCE-4AE8-A7D3-5102C2DF53AB}.Release|ARM.Build.0 = Release|iPhone
		{F4178125-ACCE-4AE8-A7D3-5102C2DF53AB}.Release|ARM.Deploy.0 = Release|iPhone
		{F4178125-ACCE-4AE8-A7D3-5102C2DF53AB}.Release|iPhone.ActiveCfg = Release|iPhone
		{F4178125-ACCE-4AE8-A7D3-5102C2DF53AB}.Release|iPhone.Build.0 = Release|iPhone
		{F4178125-ACCE-4AE8-A7D3-5102C2DF53AB}.Release|iPhone.Deploy.0 = Release|iPhone
		{F4178125-ACCE-4AE8-A7D3-5102C2DF53AB}.Release|iPhoneSimulator.ActiveCfg = Release|iPhoneSimulator
		{F4178125-ACCE-4AE8-A7D3-5102C2DF53AB}.Release|iPhoneSimulator.Build.0 = Release|iPhoneSimulator
		{F4178125-ACCE-4AE8-A7D3-5102C2DF53AB}.Release|iPhoneSimulator.Deploy.0 = Release|iPhoneSimulator
		{F4178125-ACCE-4AE8-A7D3-5102C2DF53AB}.Release|x64.ActiveCfg = Release|iPhone
		{F4178125-ACCE-4AE8-A7D3-5102C2DF53AB}.Release|x64.Build.0 = Release|iPhone
		{F4178125-ACCE-4AE8-A7D3-5102C2DF53AB}.Release|x64.Deploy.0 = Release|iPhone
		{F4178125-ACCE-4AE8-A7D3-5102C2DF53AB}.Release|x86.ActiveCfg = Release|iPhone
		{F4178125-ACCE-4AE8-A7D3-5102C2DF53AB}.Release|x86.Build.0 = Release|iPhone
		{F4178125-ACCE-4AE8-A7D3-5102C2DF53AB}.Release|x86.Deploy.0 = Release|iPhone
		{F188DBC1-B8D9-4974-BD0C-75C656FE834F}.Ad-Hoc|Any CPU.ActiveCfg = Release|x86
		{F188DBC1-B8D9-4974-BD0C-75C656FE834F}.Ad-Hoc|Any CPU.Build.0 = Release|x86
		{F188DBC1-B8D9-4974-BD0C-75C656FE834F}.Ad-Hoc|Any CPU.Deploy.0 = Release|x86
		{F188DBC1-B8D9-4974-BD0C-75C656FE834F}.Ad-Hoc|ARM.ActiveCfg = Release|ARM
		{F188DBC1-B8D9-4974-BD0C-75C656FE834F}.Ad-Hoc|ARM.Build.0 = Release|ARM
		{F188DBC1-B8D9-4974-BD0C-75C656FE834F}.Ad-Hoc|ARM.Deploy.0 = Release|ARM
		{F188DBC1-B8D9-4974-BD0C-75C656FE834F}.Ad-Hoc|iPhone.ActiveCfg = Release|x86
		{F188DBC1-B8D9-4974-BD0C-75C656FE834F}.Ad-Hoc|iPhone.Build.0 = Release|x86
		{F188DBC1-B8D9-4974-BD0C-75C656FE834F}.Ad-Hoc|iPhone.Deploy.0 = Release|x86
		{F188DBC1-B8D9-4974-BD0C-75C656FE834F}.Ad-Hoc|iPhoneSimulator.ActiveCfg = Release|x86
		{F188DBC1-B8D9-4974-BD0C-75C656FE834F}.Ad-Hoc|iPhoneSimulator.Build.0 = Release|x86
		{F188DBC1-B8D9-4974-BD0C-75C656FE834F}.Ad-Hoc|iPhoneSimulator.Deploy.0 = Release|x86
		{F188DBC1-B8D9-4974-BD0C-75C656FE834F}.Ad-Hoc|x64.ActiveCfg = Release|x64
		{F188DBC1-B8D9-4974-BD0C-75C656FE834F}.Ad-Hoc|x64.Build.0 = Release|x64
		{F188DBC1-B8D9-4974-BD0C-75C656FE834F}.Ad-Hoc|x64.Deploy.0 = Release|x64
		{F188DBC1-B8D9-4974-BD0C-75C656FE834F}.Ad-Hoc|x86.ActiveCfg = Release|x86
		{F188DBC1-B8D9-4974-BD0C-75C656FE834F}.Ad-Hoc|x86.Build.0 = Release|x86
		{F188DBC1-B8D9-4974-BD0C-75C656FE834F}.Ad-Hoc|x86.Deploy.0 = Release|x86
		{F188DBC1-B8D9-4974-BD0C-75C656FE834F}.AppStore|Any CPU.ActiveCfg = Release|x86
		{F188DBC1-B8D9-4974-BD0C-75C656FE834F}.AppStore|Any CPU.Build.0 = Release|x86
		{F188DBC1-B8D9-4974-BD0C-75C656FE834F}.AppStore|Any CPU.Deploy.0 = Release|x86
		{F188DBC1-B8D9-4974-BD0C-75C656FE834F}.AppStore|ARM.ActiveCfg = Release|ARM
		{F188DBC1-B8D9-4974-BD0C-75C656FE834F}.AppStore|ARM.Build.0 = Release|ARM
		{F188DBC1-B8D9-4974-BD0C-75C656FE834F}.AppStore|ARM.Deploy.0 = Release|ARM
		{F188DBC1-B8D9-4974-BD0C-75C656FE834F}.AppStore|iPhone.ActiveCfg = Release|x86
		{F188DBC1-B8D9-4974-BD0C-75C656FE834F}.AppStore|iPhone.Build.0 = Release|x86
		{F188DBC1-B8D9-4974-BD0C-75C656FE834F}.AppStore|iPhone.Deploy.0 = Release|x86
		{F188DBC1-B8D9-4974-BD0C-75C656FE834F}.AppStore|iPhoneSimulator.ActiveCfg = Release|x86
		{F188DBC1-B8D9-4974-BD0C-75C656FE834F}.AppStore|iPhoneSimulator.Build.0 = Release|x86
		{F188DBC1-B8D9-4974-BD0C-75C656FE834F}.AppStore|iPhoneSimulator.Deploy.0 = Release|x86
		{F188DBC1-B8D9-4974-BD0C-75C656FE834F}.AppStore|x64.ActiveCfg = Release|x64
		{F188DBC1-B8D9-4974-BD0C-75C656FE834F}.AppStore|x64.Build.0 = Release|x64
		{F188DBC1-B8D9-4974-BD0C-75C656FE834F}.AppStore|x64.Deploy.0 = Release|x64
		{F188DBC1-B8D9-4974-BD0C-75C656FE834F}.AppStore|x86.ActiveCfg = Release|x86
		{F188DBC1-B8D9-4974-BD0C-75C656FE834F}.AppStore|x86.Build.0 = Release|x86
		{F188DBC1-B8D9-4974-BD0C-75C656FE834F}.AppStore|x86.Deploy.0 = Release|x86
		{F188DBC1-B8D9-4974-BD0C-75C656FE834F}.Debug|Any CPU.ActiveCfg = Debug|x86
		{F188DBC1-B8D9-4974-BD0C-75C656FE834F}.Debug|Any CPU.Build.0 = Debug|x86
		{F188DBC1-B8D9-4974-BD0C-75C656FE834F}.Debug|Any CPU.Deploy.0 = Debug|x86
		{F188DBC1-B8D9-4974-BD0C-75C656FE834F}.Debug|ARM.ActiveCfg = Debug|ARM
		{F188DBC1-B8D9-4974-BD0C-75C656FE834F}.Debug|ARM.Build.0 = Debug|ARM
		{F188DBC1-B8D9-4974-BD0C-75C656FE834F}.Debug|ARM.Deploy.0 = Debug|ARM
		{F188DBC1-B8D9-4974-BD0C-75C656FE834F}.Debug|iPhone.ActiveCfg = Debug|x86
		{F188DBC1-B8D9-4974-BD0C-75C656FE834F}.Debug|iPhone.Build.0 = Debug|x86
		{F188DBC1-B8D9-4974-BD0C-75C656FE834F}.Debug|iPhone.Deploy.0 = Debug|x86
		{F188DBC1-B8D9-4974-BD0C-75C656FE834F}.Debug|iPhoneSimulator.ActiveCfg = Debug|x86
		{F188DBC1-B8D9-4974-BD0C-75C656FE834F}.Debug|iPhoneSimulator.Build.0 = Debug|x86
		{F188DBC1-B8D9-4974-BD0C-75C656FE834F}.Debug|iPhoneSimulator.Deploy.0 = Debug|x86
		{F188DBC1-B8D9-4974-BD0C-75C656FE834F}.Debug|x64.ActiveCfg = Debug|x64
		{F188DBC1-B8D9-4974-BD0C-75C656FE834F}.Debug|x64.Build.0 = Debug|x64
		{F188DBC1-B8D9-4974-BD0C-75C656FE834F}.Debug|x64.Deploy.0 = Debug|x64
		{F188DBC1-B8D9-4974-BD0C-75C656FE834F}.Debug|x86.ActiveCfg = Debug|x86
		{F188DBC1-B8D9-4974-BD0C-75C656FE834F}.Debug|x86.Build.0 = Debug|x86
		{F188DBC1-B8D9-4974-BD0C-75C656FE834F}.Debug|x86.Deploy.0 = Debug|x86
		{F188DBC1-B8D9-4974-BD0C-75C656FE834F}.Release|Any CPU.ActiveCfg = Release|x86
		{F188DBC1-B8D9-4974-BD0C-75C656FE834F}.Release|Any CPU.Build.0 = Release|x86
		{F188DBC1-B8D9-4974-BD0C-75C656FE834F}.Release|Any CPU.Deploy.0 = Release|x86
		{F188DBC1-B8D9-4974-BD0C-75C656FE834F}.Release|ARM.ActiveCfg = Release|ARM
		{F188DBC1-B8D9-4974-BD0C-75C656FE834F}.Release|ARM.Build.0 = Release|ARM
		{F188DBC1-B8D9-4974-BD0C-75C656FE834F}.Release|ARM.Deploy.0 = Release|ARM
		{F188DBC1-B8D9-4974-BD0C-75C656FE834F}.Release|iPhone.ActiveCfg = Release|x86
		{F188DBC1-B8D9-4974-BD0C-75C656FE834F}.Release|iPhone.Build.0 = Release|x86
		{F188DBC1-B8D9-4974-BD0C-75C656FE834F}.Release|iPhone.Deploy.0 = Release|x86
		{F188DBC1-B8D9-4974-BD0C-75C656FE834F}.Release|iPhoneSimulator.ActiveCfg = Release|x86
		{F188DBC1-B8D9-4974-BD0C-75C656FE834F}.Release|iPhoneSimulator.Build.0 = Release|x86
		{F188DBC1-B8D9-4974-BD0C-75C656FE834F}.Release|iPhoneSimulator.Deploy.0 = Release|x86
		{F188DBC1-B8D9-4974-BD0C-75C656FE834F}.Release|x64.ActiveCfg = Release|x64
		{F188DBC1-B8D9-4974-BD0C-75C656FE834F}.Release|x64.Build.0 = Release|x64
		{F188DBC1-B8D9-4974-BD0C-75C656FE834F}.Release|x64.Deploy.0 = Release|x64
		{F188DBC1-B8D9-4974-BD0C-75C656FE834F}.Release|x86.ActiveCfg = Release|x86
		{F188DBC1-B8D9-4974-BD0C-75C656FE834F}.Release|x86.Build.0 = Release|x86
		{F188DBC1-B8D9-4974-BD0C-75C656FE834F}.Release|x86.Deploy.0 = Release|x86
		{BDFB20E1-CD05-4834-AB1B-0B3E8C2AD6E3}.Ad-Hoc|Any CPU.ActiveCfg = Debug|Any CPU
		{BDFB20E1-CD05-4834-AB1B-0B3E8C2AD6E3}.Ad-Hoc|Any CPU.Build.0 = Debug|Any CPU
		{BDFB20E1-CD05-4834-AB1B-0B3E8C2AD6E3}.Ad-Hoc|Any CPU.Deploy.0 = Debug|Any CPU
		{BDFB20E1-CD05-4834-AB1B-0B3E8C2AD6E3}.Ad-Hoc|ARM.ActiveCfg = Debug|Any CPU
		{BDFB20E1-CD05-4834-AB1B-0B3E8C2AD6E3}.Ad-Hoc|ARM.Build.0 = Debug|Any CPU
		{BDFB20E1-CD05-4834-AB1B-0B3E8C2AD6E3}.Ad-Hoc|ARM.Deploy.0 = Debug|Any CPU
		{BDFB20E1-CD05-4834-AB1B-0B3E8C2AD6E3}.Ad-Hoc|iPhone.ActiveCfg = Debug|Any CPU
		{BDFB20E1-CD05-4834-AB1B-0B3E8C2AD6E3}.Ad-Hoc|iPhone.Build.0 = Debug|Any CPU
		{BDFB20E1-CD05-4834-AB1B-0B3E8C2AD6E3}.Ad-Hoc|iPhone.Deploy.0 = Debug|Any CPU
		{BDFB20E1-CD05-4834-AB1B-0B3E8C2AD6E3}.Ad-Hoc|iPhoneSimulator.ActiveCfg = Debug|Any CPU
		{BDFB20E1-CD05-4834-AB1B-0B3E8C2AD6E3}.Ad-Hoc|iPhoneSimulator.Build.0 = Debug|Any CPU
		{BDFB20E1-CD05-4834-AB1B-0B3E8C2AD6E3}.Ad-Hoc|iPhoneSimulator.Deploy.0 = Debug|Any CPU
		{BDFB20E1-CD05-4834-AB1B-0B3E8C2AD6E3}.Ad-Hoc|x64.ActiveCfg = Debug|Any CPU
		{BDFB20E1-CD05-4834-AB1B-0B3E8C2AD6E3}.Ad-Hoc|x64.Build.0 = Debug|Any CPU
		{BDFB20E1-CD05-4834-AB1B-0B3E8C2AD6E3}.Ad-Hoc|x64.Deploy.0 = Debug|Any CPU
		{BDFB20E1-CD05-4834-AB1B-0B3E8C2AD6E3}.Ad-Hoc|x86.ActiveCfg = Debug|Any CPU
		{BDFB20E1-CD05-4834-AB1B-0B3E8C2AD6E3}.Ad-Hoc|x86.Build.0 = Debug|Any CPU
		{BDFB20E1-CD05-4834-AB1B-0B3E8C2AD6E3}.Ad-Hoc|x86.Deploy.0 = Debug|Any CPU
		{BDFB20E1-CD05-4834-AB1B-0B3E8C2AD6E3}.AppStore|Any CPU.ActiveCfg = Debug|Any CPU
		{BDFB20E1-CD05-4834-AB1B-0B3E8C2AD6E3}.AppStore|Any CPU.Build.0 = Debug|Any CPU
		{BDFB20E1-CD05-4834-AB1B-0B3E8C2AD6E3}.AppStore|Any CPU.Deploy.0 = Debug|Any CPU
		{BDFB20E1-CD05-4834-AB1B-0B3E8C2AD6E3}.AppStore|ARM.ActiveCfg = Debug|Any CPU
		{BDFB20E1-CD05-4834-AB1B-0B3E8C2AD6E3}.AppStore|ARM.Build.0 = Debug|Any CPU
		{BDFB20E1-CD05-4834-AB1B-0B3E8C2AD6E3}.AppStore|ARM.Deploy.0 = Debug|Any CPU
		{BDFB20E1-CD05-4834-AB1B-0B3E8C2AD6E3}.AppStore|iPhone.ActiveCfg = Debug|Any CPU
		{BDFB20E1-CD05-4834-AB1B-0B3E8C2AD6E3}.AppStore|iPhone.Build.0 = Debug|Any CPU
		{BDFB20E1-CD05-4834-AB1B-0B3E8C2AD6E3}.AppStore|iPhone.Deploy.0 = Debug|Any CPU
		{BDFB20E1-CD05-4834-AB1B-0B3E8C2AD6E3}.AppStore|iPhoneSimulator.ActiveCfg = Debug|Any CPU
		{BDFB20E1-CD05-4834-AB1B-0B3E8C2AD6E3}.AppStore|iPhoneSimulator.Build.0 = Debug|Any CPU
		{BDFB20E1-CD05-4834-AB1B-0B3E8C2AD6E3}.AppStore|iPhoneSimulator.Deploy.0 = Debug|Any CPU
		{BDFB20E1-CD05-4834-AB1B-0B3E8C2AD6E3}.AppStore|x64.ActiveCfg = Debug|Any CPU
		{BDFB20E1-CD05-4834-AB1B-0B3E8C2AD6E3}.AppStore|x64.Build.0 = Debug|Any CPU
		{BDFB20E1-CD05-4834-AB1B-0B3E8C2AD6E3}.AppStore|x64.Deploy.0 = Debug|Any CPU
		{BDFB20E1-CD05-4834-AB1B-0B3E8C2AD6E3}.AppStore|x86.ActiveCfg = Debug|Any CPU
		{BDFB20E1-CD05-4834-AB1B-0B3E8C2AD6E3}.AppStore|x86.Build.0 = Debug|Any CPU
		{BDFB20E1-CD05-4834-AB1B-0B3E8C2AD6E3}.AppStore|x86.Deploy.0 = Debug|Any CPU
		{BDFB20E1-CD05-4834-AB1B-0B3E8C2AD6E3}.Debug|Any CPU.ActiveCfg = Debug|Any CPU
		{BDFB20E1-CD05-4834-AB1B-0B3E8C2AD6E3}.Debug|Any CPU.Build.0 = Debug|Any CPU
		{BDFB20E1-CD05-4834-AB1B-0B3E8C2AD6E3}.Debug|Any CPU.Deploy.0 = Debug|Any CPU
		{BDFB20E1-CD05-4834-AB1B-0B3E8C2AD6E3}.Debug|ARM.ActiveCfg = Debug|Any CPU
		{BDFB20E1-CD05-4834-AB1B-0B3E8C2AD6E3}.Debug|ARM.Build.0 = Debug|Any CPU
		{BDFB20E1-CD05-4834-AB1B-0B3E8C2AD6E3}.Debug|ARM.Deploy.0 = Debug|Any CPU
		{BDFB20E1-CD05-4834-AB1B-0B3E8C2AD6E3}.Debug|iPhone.ActiveCfg = Debug|Any CPU
		{BDFB20E1-CD05-4834-AB1B-0B3E8C2AD6E3}.Debug|iPhone.Build.0 = Debug|Any CPU
		{BDFB20E1-CD05-4834-AB1B-0B3E8C2AD6E3}.Debug|iPhone.Deploy.0 = Debug|Any CPU
		{BDFB20E1-CD05-4834-AB1B-0B3E8C2AD6E3}.Debug|iPhoneSimulator.ActiveCfg = Debug|Any CPU
		{BDFB20E1-CD05-4834-AB1B-0B3E8C2AD6E3}.Debug|iPhoneSimulator.Build.0 = Debug|Any CPU
		{BDFB20E1-CD05-4834-AB1B-0B3E8C2AD6E3}.Debug|iPhoneSimulator.Deploy.0 = Debug|Any CPU
		{BDFB20E1-CD05-4834-AB1B-0B3E8C2AD6E3}.Debug|x64.ActiveCfg = Debug|Any CPU
		{BDFB20E1-CD05-4834-AB1B-0B3E8C2AD6E3}.Debug|x64.Build.0 = Debug|Any CPU
		{BDFB20E1-CD05-4834-AB1B-0B3E8C2AD6E3}.Debug|x64.Deploy.0 = Debug|Any CPU
		{BDFB20E1-CD05-4834-AB1B-0B3E8C2AD6E3}.Debug|x86.ActiveCfg = Debug|Any CPU
		{BDFB20E1-CD05-4834-AB1B-0B3E8C2AD6E3}.Debug|x86.Build.0 = Debug|Any CPU
		{BDFB20E1-CD05-4834-AB1B-0B3E8C2AD6E3}.Debug|x86.Deploy.0 = Debug|Any CPU
		{BDFB20E1-CD05-4834-AB1B-0B3E8C2AD6E3}.Release|Any CPU.ActiveCfg = Release|Any CPU
		{BDFB20E1-CD05-4834-AB1B-0B3E8C2AD6E3}.Release|Any CPU.Build.0 = Release|Any CPU
		{BDFB20E1-CD05-4834-AB1B-0B3E8C2AD6E3}.Release|Any CPU.Deploy.0 = Release|Any CPU
		{BDFB20E1-CD05-4834-AB1B-0B3E8C2AD6E3}.Release|ARM.ActiveCfg = Release|Any CPU
		{BDFB20E1-CD05-4834-AB1B-0B3E8C2AD6E3}.Release|ARM.Build.0 = Release|Any CPU
		{BDFB20E1-CD05-4834-AB1B-0B3E8C2AD6E3}.Release|ARM.Deploy.0 = Release|Any CPU
		{BDFB20E1-CD05-4834-AB1B-0B3E8C2AD6E3}.Release|iPhone.ActiveCfg = Release|Any CPU
		{BDFB20E1-CD05-4834-AB1B-0B3E8C2AD6E3}.Release|iPhone.Build.0 = Release|Any CPU
		{BDFB20E1-CD05-4834-AB1B-0B3E8C2AD6E3}.Release|iPhone.Deploy.0 = Release|Any CPU
		{BDFB20E1-CD05-4834-AB1B-0B3E8C2AD6E3}.Release|iPhoneSimulator.ActiveCfg = Release|Any CPU
		{BDFB20E1-CD05-4834-AB1B-0B3E8C2AD6E3}.Release|iPhoneSimulator.Build.0 = Release|Any CPU
		{BDFB20E1-CD05-4834-AB1B-0B3E8C2AD6E3}.Release|iPhoneSimulator.Deploy.0 = Release|Any CPU
		{BDFB20E1-CD05-4834-AB1B-0B3E8C2AD6E3}.Release|x64.ActiveCfg = Release|Any CPU
		{BDFB20E1-CD05-4834-AB1B-0B3E8C2AD6E3}.Release|x64.Build.0 = Release|Any CPU
		{BDFB20E1-CD05-4834-AB1B-0B3E8C2AD6E3}.Release|x64.Deploy.0 = Release|Any CPU
		{BDFB20E1-CD05-4834-AB1B-0B3E8C2AD6E3}.Release|x86.ActiveCfg = Release|Any CPU
		{BDFB20E1-CD05-4834-AB1B-0B3E8C2AD6E3}.Release|x86.Build.0 = Release|Any CPU
		{BDFB20E1-CD05-4834-AB1B-0B3E8C2AD6E3}.Release|x86.Deploy.0 = Release|Any CPU
		{71AAD735-F842-405B-A959-EF67BDDFD770}.Ad-Hoc|Any CPU.ActiveCfg = Debug|Any CPU
		{71AAD735-F842-405B-A959-EF67BDDFD770}.Ad-Hoc|Any CPU.Build.0 = Debug|Any CPU
		{71AAD735-F842-405B-A959-EF67BDDFD770}.Ad-Hoc|ARM.ActiveCfg = Debug|Any CPU
		{71AAD735-F842-405B-A959-EF67BDDFD770}.Ad-Hoc|ARM.Build.0 = Debug|Any CPU
		{71AAD735-F842-405B-A959-EF67BDDFD770}.Ad-Hoc|iPhone.ActiveCfg = Debug|Any CPU
		{71AAD735-F842-405B-A959-EF67BDDFD770}.Ad-Hoc|iPhone.Build.0 = Debug|Any CPU
		{71AAD735-F842-405B-A959-EF67BDDFD770}.Ad-Hoc|iPhoneSimulator.ActiveCfg = Debug|Any CPU
		{71AAD735-F842-405B-A959-EF67BDDFD770}.Ad-Hoc|iPhoneSimulator.Build.0 = Debug|Any CPU
		{71AAD735-F842-405B-A959-EF67BDDFD770}.Ad-Hoc|x64.ActiveCfg = Debug|Any CPU
		{71AAD735-F842-405B-A959-EF67BDDFD770}.Ad-Hoc|x64.Build.0 = Debug|Any CPU
		{71AAD735-F842-405B-A959-EF67BDDFD770}.Ad-Hoc|x86.ActiveCfg = Debug|Any CPU
		{71AAD735-F842-405B-A959-EF67BDDFD770}.Ad-Hoc|x86.Build.0 = Debug|Any CPU
		{71AAD735-F842-405B-A959-EF67BDDFD770}.AppStore|Any CPU.ActiveCfg = Debug|Any CPU
		{71AAD735-F842-405B-A959-EF67BDDFD770}.AppStore|Any CPU.Build.0 = Debug|Any CPU
		{71AAD735-F842-405B-A959-EF67BDDFD770}.AppStore|ARM.ActiveCfg = Debug|Any CPU
		{71AAD735-F842-405B-A959-EF67BDDFD770}.AppStore|ARM.Build.0 = Debug|Any CPU
		{71AAD735-F842-405B-A959-EF67BDDFD770}.AppStore|iPhone.ActiveCfg = Debug|Any CPU
		{71AAD735-F842-405B-A959-EF67BDDFD770}.AppStore|iPhone.Build.0 = Debug|Any CPU
		{71AAD735-F842-405B-A959-EF67BDDFD770}.AppStore|iPhoneSimulator.ActiveCfg = Debug|Any CPU
		{71AAD735-F842-405B-A959-EF67BDDFD770}.AppStore|iPhoneSimulator.Build.0 = Debug|Any CPU
		{71AAD735-F842-405B-A959-EF67BDDFD770}.AppStore|x64.ActiveCfg = Debug|Any CPU
		{71AAD735-F842-405B-A959-EF67BDDFD770}.AppStore|x64.Build.0 = Debug|Any CPU
		{71AAD735-F842-405B-A959-EF67BDDFD770}.AppStore|x86.ActiveCfg = Debug|Any CPU
		{71AAD735-F842-405B-A959-EF67BDDFD770}.AppStore|x86.Build.0 = Debug|Any CPU
		{71AAD735-F842-405B-A959-EF67BDDFD770}.Debug|Any CPU.ActiveCfg = Debug|Any CPU
		{71AAD735-F842-405B-A959-EF67BDDFD770}.Debug|Any CPU.Build.0 = Debug|Any CPU
		{71AAD735-F842-405B-A959-EF67BDDFD770}.Debug|ARM.ActiveCfg = Debug|Any CPU
		{71AAD735-F842-405B-A959-EF67BDDFD770}.Debug|ARM.Build.0 = Debug|Any CPU
		{71AAD735-F842-405B-A959-EF67BDDFD770}.Debug|iPhone.ActiveCfg = Debug|Any CPU
		{71AAD735-F842-405B-A959-EF67BDDFD770}.Debug|iPhone.Build.0 = Debug|Any CPU
		{71AAD735-F842-405B-A959-EF67BDDFD770}.Debug|iPhoneSimulator.ActiveCfg = Debug|Any CPU
		{71AAD735-F842-405B-A959-EF67BDDFD770}.Debug|iPhoneSimulator.Build.0 = Debug|Any CPU
		{71AAD735-F842-405B-A959-EF67BDDFD770}.Debug|x64.ActiveCfg = Debug|Any CPU
		{71AAD735-F842-405B-A959-EF67BDDFD770}.Debug|x64.Build.0 = Debug|Any CPU
		{71AAD735-F842-405B-A959-EF67BDDFD770}.Debug|x86.ActiveCfg = Debug|Any CPU
		{71AAD735-F842-405B-A959-EF67BDDFD770}.Debug|x86.Build.0 = Debug|Any CPU
		{71AAD735-F842-405B-A959-EF67BDDFD770}.Release|Any CPU.ActiveCfg = Release|Any CPU
		{71AAD735-F842-405B-A959-EF67BDDFD770}.Release|Any CPU.Build.0 = Release|Any CPU
		{71AAD735-F842-405B-A959-EF67BDDFD770}.Release|ARM.ActiveCfg = Release|Any CPU
		{71AAD735-F842-405B-A959-EF67BDDFD770}.Release|ARM.Build.0 = Release|Any CPU
		{71AAD735-F842-405B-A959-EF67BDDFD770}.Release|iPhone.ActiveCfg = Release|Any CPU
		{71AAD735-F842-405B-A959-EF67BDDFD770}.Release|iPhone.Build.0 = Release|Any CPU
		{71AAD735-F842-405B-A959-EF67BDDFD770}.Release|iPhoneSimulator.ActiveCfg = Release|Any CPU
		{71AAD735-F842-405B-A959-EF67BDDFD770}.Release|iPhoneSimulator.Build.0 = Release|Any CPU
		{71AAD735-F842-405B-A959-EF67BDDFD770}.Release|x64.ActiveCfg = Release|Any CPU
		{71AAD735-F842-405B-A959-EF67BDDFD770}.Release|x64.Build.0 = Release|Any CPU
		{71AAD735-F842-405B-A959-EF67BDDFD770}.Release|x86.ActiveCfg = Release|Any CPU
		{71AAD735-F842-405B-A959-EF67BDDFD770}.Release|x86.Build.0 = Release|Any CPU
		{56CA69F5-1A5F-46DA-99EA-8A2EC667CA3C}.Ad-Hoc|Any CPU.ActiveCfg = Release|Any CPU
		{56CA69F5-1A5F-46DA-99EA-8A2EC667CA3C}.Ad-Hoc|Any CPU.Build.0 = Release|Any CPU
		{56CA69F5-1A5F-46DA-99EA-8A2EC667CA3C}.Ad-Hoc|ARM.ActiveCfg = Release|Any CPU
		{56CA69F5-1A5F-46DA-99EA-8A2EC667CA3C}.Ad-Hoc|ARM.Build.0 = Release|Any CPU
		{56CA69F5-1A5F-46DA-99EA-8A2EC667CA3C}.Ad-Hoc|iPhone.ActiveCfg = Release|Any CPU
		{56CA69F5-1A5F-46DA-99EA-8A2EC667CA3C}.Ad-Hoc|iPhone.Build.0 = Release|Any CPU
		{56CA69F5-1A5F-46DA-99EA-8A2EC667CA3C}.Ad-Hoc|iPhoneSimulator.ActiveCfg = Release|Any CPU
		{56CA69F5-1A5F-46DA-99EA-8A2EC667CA3C}.Ad-Hoc|iPhoneSimulator.Build.0 = Release|Any CPU
		{56CA69F5-1A5F-46DA-99EA-8A2EC667CA3C}.Ad-Hoc|x64.ActiveCfg = Release|Any CPU
		{56CA69F5-1A5F-46DA-99EA-8A2EC667CA3C}.Ad-Hoc|x64.Build.0 = Release|Any CPU
		{56CA69F5-1A5F-46DA-99EA-8A2EC667CA3C}.Ad-Hoc|x86.ActiveCfg = Release|Any CPU
		{56CA69F5-1A5F-46DA-99EA-8A2EC667CA3C}.Ad-Hoc|x86.Build.0 = Release|Any CPU
		{56CA69F5-1A5F-46DA-99EA-8A2EC667CA3C}.AppStore|Any CPU.ActiveCfg = Release|Any CPU
		{56CA69F5-1A5F-46DA-99EA-8A2EC667CA3C}.AppStore|Any CPU.Build.0 = Release|Any CPU
		{56CA69F5-1A5F-46DA-99EA-8A2EC667CA3C}.AppStore|ARM.ActiveCfg = Release|Any CPU
		{56CA69F5-1A5F-46DA-99EA-8A2EC667CA3C}.AppStore|ARM.Build.0 = Release|Any CPU
		{56CA69F5-1A5F-46DA-99EA-8A2EC667CA3C}.AppStore|iPhone.ActiveCfg = Release|Any CPU
		{56CA69F5-1A5F-46DA-99EA-8A2EC667CA3C}.AppStore|iPhone.Build.0 = Release|Any CPU
		{56CA69F5-1A5F-46DA-99EA-8A2EC667CA3C}.AppStore|iPhoneSimulator.ActiveCfg = Release|Any CPU
		{56CA69F5-1A5F-46DA-99EA-8A2EC667CA3C}.AppStore|iPhoneSimulator.Build.0 = Release|Any CPU
		{56CA69F5-1A5F-46DA-99EA-8A2EC667CA3C}.AppStore|x64.ActiveCfg = Release|Any CPU
		{56CA69F5-1A5F-46DA-99EA-8A2EC667CA3C}.AppStore|x64.Build.0 = Release|Any CPU
		{56CA69F5-1A5F-46DA-99EA-8A2EC667CA3C}.AppStore|x86.ActiveCfg = Release|Any CPU
		{56CA69F5-1A5F-46DA-99EA-8A2EC667CA3C}.AppStore|x86.Build.0 = Release|Any CPU
		{56CA69F5-1A5F-46DA-99EA-8A2EC667CA3C}.Debug|Any CPU.ActiveCfg = Debug|Any CPU
		{56CA69F5-1A5F-46DA-99EA-8A2EC667CA3C}.Debug|Any CPU.Build.0 = Debug|Any CPU
		{56CA69F5-1A5F-46DA-99EA-8A2EC667CA3C}.Debug|ARM.ActiveCfg = Debug|Any CPU
		{56CA69F5-1A5F-46DA-99EA-8A2EC667CA3C}.Debug|ARM.Build.0 = Debug|Any CPU
		{56CA69F5-1A5F-46DA-99EA-8A2EC667CA3C}.Debug|iPhone.ActiveCfg = Debug|Any CPU
		{56CA69F5-1A5F-46DA-99EA-8A2EC667CA3C}.Debug|iPhone.Build.0 = Debug|Any CPU
		{56CA69F5-1A5F-46DA-99EA-8A2EC667CA3C}.Debug|iPhoneSimulator.ActiveCfg = Debug|Any CPU
		{56CA69F5-1A5F-46DA-99EA-8A2EC667CA3C}.Debug|iPhoneSimulator.Build.0 = Debug|Any CPU
		{56CA69F5-1A5F-46DA-99EA-8A2EC667CA3C}.Debug|x64.ActiveCfg = Debug|Any CPU
		{56CA69F5-1A5F-46DA-99EA-8A2EC667CA3C}.Debug|x64.Build.0 = Debug|Any CPU
		{56CA69F5-1A5F-46DA-99EA-8A2EC667CA3C}.Debug|x86.ActiveCfg = Debug|Any CPU
		{56CA69F5-1A5F-46DA-99EA-8A2EC667CA3C}.Debug|x86.Build.0 = Debug|Any CPU
		{56CA69F5-1A5F-46DA-99EA-8A2EC667CA3C}.Release|Any CPU.ActiveCfg = Release|Any CPU
		{56CA69F5-1A5F-46DA-99EA-8A2EC667CA3C}.Release|Any CPU.Build.0 = Release|Any CPU
		{56CA69F5-1A5F-46DA-99EA-8A2EC667CA3C}.Release|ARM.ActiveCfg = Release|Any CPU
		{56CA69F5-1A5F-46DA-99EA-8A2EC667CA3C}.Release|ARM.Build.0 = Release|Any CPU
		{56CA69F5-1A5F-46DA-99EA-8A2EC667CA3C}.Release|iPhone.ActiveCfg = Release|Any CPU
		{56CA69F5-1A5F-46DA-99EA-8A2EC667CA3C}.Release|iPhone.Build.0 = Release|Any CPU
		{56CA69F5-1A5F-46DA-99EA-8A2EC667CA3C}.Release|iPhoneSimulator.ActiveCfg = Release|Any CPU
		{56CA69F5-1A5F-46DA-99EA-8A2EC667CA3C}.Release|iPhoneSimulator.Build.0 = Release|Any CPU
		{56CA69F5-1A5F-46DA-99EA-8A2EC667CA3C}.Release|x64.ActiveCfg = Release|Any CPU
		{56CA69F5-1A5F-46DA-99EA-8A2EC667CA3C}.Release|x64.Build.0 = Release|Any CPU
		{56CA69F5-1A5F-46DA-99EA-8A2EC667CA3C}.Release|x86.ActiveCfg = Release|Any CPU
		{56CA69F5-1A5F-46DA-99EA-8A2EC667CA3C}.Release|x86.Build.0 = Release|Any CPU
	EndGlobalSection
	GlobalSection(SolutionProperties) = preSolution
		HideSolutionNode = FALSE
	EndGlobalSection
	GlobalSection(ExtensibilityGlobals) = postSolution
		SolutionGuid = {39B35248-C11E-4DF3-97E6-4058D330541F}
	EndGlobalSection
EndGlobal
